version = 1
revision = 3
requires-python = ">=3.10"

[[package]]
name = "colorama"
version = "0.4.6"
source = { registry = "https://pypi.org/simple" }
sdist = { url = "https://files.pythonhosted.org/packages/d8/53/6f443c9a4a8358a93a6792e2acffb9d9d5cb0a5cfd8802644b7b1c9a02e4/colorama-0.4.6.tar.gz", hash = "sha256:08695f5cb7ed6e0531a20572697297273c47b8cae5a63ffc6d6ed5c201be6e44", size = 27697, upload-time = "2022-10-25T02:36:22.414Z" }
wheels = [
    { url = "https://files.pythonhosted.org/packages/d1/d6/3965ed04c63042e047cb6a3e6ed1a63a35087b6a609aa3a15ed8ac56c221/colorama-0.4.6-py2.py3-none-any.whl", hash = "sha256:4f1d9991f5acc0ca119f9d443620b77f9d6b33703e51011c16baf57afb285fc6", size = 25335, upload-time = "2022-10-25T02:36:20.889Z" },
]

[[package]]
name = "exceptiongroup"
version = "1.2.2"
source = { registry = "https://pypi.org/simple" }
sdist = { url = "https://files.pythonhosted.org/packages/09/35/2495c4ac46b980e4ca1f6ad6db102322ef3ad2410b79fdde159a4b0f3b92/exceptiongroup-1.2.2.tar.gz", hash = "sha256:47c2edf7c6738fafb49fd34290706d1a1a2f4d1c6df275526b62cbb4aa5393cc", size = 28883, upload-time = "2024-07-12T22:26:00.161Z" }
wheels = [
    { url = "https://files.pythonhosted.org/packages/02/cc/b7e31358aac6ed1ef2bb790a9746ac2c69bcb3c8588b41616914eb106eaf/exceptiongroup-1.2.2-py3-none-any.whl", hash = "sha256:3111b9d131c238bec2f8f516e123e14ba243563fb135d3fe885990585aa7795b", size = 16453, upload-time = "2024-07-12T22:25:58.476Z" },
]

[[package]]
name = "expr-simplifier"
version = "0.1.1"
source = { editable = "." }
dependencies = [
    { name = "typing-extensions" },
]

[package.dev-dependencies]
dev = [
    { name = "pytest" },
    { name = "pytest-rerunfailures" },
    { name = "ruff" },
    { name = "ty" },
]

[package.metadata]
requires-dist = [{ name = "typing-extensions", specifier = ">=4.12.2" }]

[package.metadata.requires-dev]
dev = [
    { name = "pytest", specifier = ">=9.1.1" },
    { name = "pytest-rerunfailures", specifier = ">=16.7" },
    { name = "ruff", specifier = ">=0.16.8" },
    { name = "ty", specifier = ">=0.0.82" },
]

[[package]]
name = "iniconfig"
version = "2.0.0"
source = { registry = "https://pypi.org/simple" }
sdist = { url = "https://files.pythonhosted.org/packages/d7/4b/cbd8e699e64a6f16ca3a8220661b5f83792b3017d0f79807cb8708d33913/iniconfig-2.0.0.tar.gz", hash = "sha256:2d91e135bf72d31a410b17c16da610a82cb55f6b0477d1a902134b24a455b8b3", size = 4646, upload-time = "2023-01-07T11:08:11.254Z" }
wheels = [
    { url = "https://files.pythonhosted.org/packages/ef/a6/62565a6e1cf69e10f5727360368e451d4b7f58beeac6173dc9db836a5b46/iniconfig-2.0.0-py3-none-any.whl", hash = "sha256:b6a85871a79d2e3b22d2d1b94ac2824226a63c6b741c88f7ae975f18b6778374", size = 5892, upload-time = "2023-01-07T11:08:09.864Z" },
]

[[package]]
name = "packaging"
version = "24.1"
source = { registry = "https://pypi.org/simple" }
sdist = { url = "https://files.pythonhosted.org/packages/51/65/50db4dda066951078f0a96cf12f4b9ada6e4b811516bf0262c0f4f7064d4/packaging-24.1.tar.gz", hash = "sha256:026ed72c8ed3fcce5bf8950572258698927fd1dbda10a5e981cdf0ac37f4f002", size = 148788, upload-time = "2024-06-09T23:19:24.956Z" }
wheels = [
    { url = "https://files.pythonhosted.org/packages/08/aa/cc0199a5f0ad350994d660967a8efb233fe0416e4639146c089643407ce6/packaging-24.1-py3-none-any.whl", hash = "sha256:5b8f2217dbdbd2f7f384c41c628544e6d52f2d0f53c6d0c3ea61aa5d1d7ff124", size = 53985, upload-time = "2024-06-09T23:19:21.909Z" },
]

[[package]]
name = "pluggy"
version = "1.5.0"
source = { registry = "https://pypi.org/simple" }
sdist = { url = "https://files.pythonhosted.org/packages/96/2d/02d4312c973c6050a18b314a5ad0b3210edb65a906f868e31c111dede4a6/pluggy-1.5.0.tar.gz", hash = "sha256:2cffa88e94fdc978c4c574f15f9e59b7f4201d439195c3715ca9e2486f1d0cf1", size = 67955, upload-time = "2024-04-20T21:34:42.531Z" }
wheels = [
    { url = "https://files.pythonhosted.org/packages/88/5f/e351af9a41f866ac3f1fac4ca0613908d9a41741cfcf2228f4ad853b697d/pluggy-1.5.0-py3-none-any.whl", hash = "sha256:44e1ad92c8ca002de6377e165f3e0f1be63266ab4d554740532335b9d75ea669", size = 20556, upload-time = "2024-04-20T21:34:40.434Z" },
]

[[package]]
name = "pygments"
version = "2.19.2"
source = { registry = "https://pypi.org/simple" }
sdist = { url = "https://files.pythonhosted.org/packages/b0/77/a5b8c569bf593b0140bde72ea885a803b82086995367bf2037de0159d924/pygments-2.19.2.tar.gz", hash = "sha256:636cb2477cec7f8952536970bc533bc43743542f70392ae026374600add5b887", size = 4968631, upload-time = "2025-06-21T13:39:12.283Z" }
wheels = [
    { url = "https://files.pythonhosted.org/packages/c7/21/705964c7812476f378728bdf590ca4b771ec72385c533964653c68e86bdc/pygments-2.19.2-py3-none-any.whl", hash = "sha256:86540386c03d588bb81d44bc3928634ff26449851e99741617ecb9037ee5ec0b", size = 1225217, upload-time = "2025-06-21T13:39:07.939Z" },
]

[[package]]
name = "pytest"
version = "9.1.1"
source = { registry = "https://pypi.org/simple" }
dependencies = [
    { name = "colorama", marker = "sys_platform == 'win32'" },
    { name = "exceptiongroup", marker = "python_full_version < '3.11'" },
    { name = "iniconfig" },
    { name = "packaging" },
    { name = "pluggy" },
    { name = "pygments" },
    { name = "tomli", marker = "python_full_version < '3.11'" },
]
sdist = { url = "https://files.pythonhosted.org/packages/e4/47/b9efed96c114afcfa3c9d3fe98a76a1d14c74a9e266d397cf6eb64be5e01/pytest-9.1.1.tar.gz", hash = "sha256:1088fbde8f2b49d95a549a195707afa7a76a3ce9bcadc26b6d71f0ffda5fe313", size = 1636369, upload-time = "2026-06-19T10:58:32.857Z" }
wheels = [
    { url = "https://files.pythonhosted.org/packages/24/25/1de2678b631f5a49215c6c96fff41ba892b0a34df68d6d80292b1b48aa7f/pytest-9.1.1-py3-none-any.whl", hash = "sha256:37a86b45efb9a47a61a36449063e8e18d0cab3161329fc099eb21783169c4f0c", size = 386536, upload-time = "2026-06-19T10:58:31.347Z" },
]

[[package]]
name = "pytest-rerunfailures"
version = "16.7"
source = { registry = "https://pypi.org/simple" }
dependencies = [
    { name = "packaging" },
    { name = "pytest" },
]
sdist = { url = "https://files.pythonhosted.org/packages/d1/b0/6b5337f9d59b26b0069ea3d5e863c31dc04b69e51bbfb1cf2ea6328fba87/pytest_rerunfailures-16.7.tar.gz", hash = "sha256:6956ddfb65ca1d07e7e3d99e2c5359d82300f4cb062e6049563bd2c106f72d5c", size = 59666, upload-time = "2026-09-17T07:08:48.871Z" }
wheels = [
    { url = "https://files.pythonhosted.org/packages/c1/d3/07ea35102cf2020ddaaac368d2a6f0bcc63d6523fb8918805bac3eb8b98f/pytest_rerunfailures-16.7-py3-none-any.whl", hash = "sha256:edf1886209c2b7dafe35b5bf1708d6ec40ccf6c6b357f0f02807efcec0204c99", size = 23952, upload-time = "2026-09-17T07:08:47.635Z" },
]

[[package]]
name = "ruff"
version = "0.16.8"
source = { registry = "https://pypi.org/simple" }
sdist = { url = "https://files.pythonhosted.org/packages/ba/78/449cb84790bd5cc3823b2652ee405a4558856e5c4195aee3a16bf7b3eb5d/ruff-0.16.8.tar.gz", hash = "sha256:9247bf92b5f04d825c8639a4fe423ec2e4222acd9222e58412b0dab7e442798b", size = 4938814, upload-time = "2026-09-16T15:54:46.688Z" }
wheels = [
    { url = "https://files.pythonhosted.org/packages/ac/25/6071aabc530e9be7e2c195e8fe3f7aea2735405b6cf447212832d7811831/ruff-0.16.8-py3-none-linux_armv6l.whl", hash = "sha256:6ffbd6d87383c1edf5f6fa890f10200950240d7c1a16052a19a09d3a2307dd38", size = 10048966, upload-time = "2026-09-16T15:53:57.605Z" },
    { url = "https://files.pythonhosted.org/packages/54/98/07f90ecbc74dd5fb5764f11f2bc774d6a7cffef92d2ff5f5b4e9e23c754e/ruff-0.16.8-py3-none-macosx_10_12_x86_64.whl", hash = "sha256:42ed6b878ed61e3acca92f2730a17acff39286944ea82398544696366a6f925e", size = 10165498, upload-time = "2026-09-16T15:54:01.14Z" },
    { url = "https://files.pythonhosted.org/packages/fe/1f/e6a712e3b47cad4a40600134105ed193cb773f618a42eb7ba323cb812cc0/ruff-0.16.8-py3-none-macosx_11_0_arm64.whl", hash = "sha256:7ea781c7f2afba8c6a505ea0fb3f994020249e0c450635f5381286fea6b46170", size = 9830004, upload-time = "2026-09-16T15:54:03.998Z" },
    { url = "https://files.pythonhosted.org/packages/23/f2/311a08776d75d81c7676e20b6b020ae63cbe881fcdc7a8dd64e6e18bdd93/ruff-0.16.8-py3-none-manylinux_2_17_aarch64.manylinux2014_aarch64.whl", hash = "sha256:8efeae3bbe414a5efefda11a792dfb51ef90ac48d50c4830de2f644caf3e8659", size = 9986558, upload-time = "2026-09-16T15:54:06.804Z" },
    { url = "https://files.pythonhosted.org/packages/f3/ed/37b6cb3d3ba8c73e68ae3eb1d502383beb5aa05a582bb7bb3a922f929f54/ruff-0.16.8-py3-none-manylinux_2_17_armv7l.manylinux2014_armv7l.whl", hash = "sha256:3a79b795469fef7fc6e908b218eed2eb17332afd85031db6480dc864560e69b2", size = 9877332, upload-time = "2026-09-16T15:54:09.552Z" },
    { url = "https://files.pythonhosted.org/packages/22/cc/40873a8f36ad084cc540d55fcca7077264d5b13b24659e9180c176fb2b08/ruff-0.16.8-py3-none-manylinux_2_17_i686.manylinux2014_i686.whl", hash = "sha256:3fdc5563cdc50555e6fba39322850860e9267c1b3d12c26a74729d8604c3c812", size = 10507125, upload-time = "2026-09-16T15:54:12.152Z" },
    { url = "https://files.pythonhosted.org/packages/c3/e4/fc91a642b78ccbab6b9477720f3644ae7a10a9bcce69a934679cd64f62bc/ruff-0.16.8-py3-none-manylinux_2_17_ppc64le.manylinux2014_ppc64le.whl", hash = "sha256:34508983c70665578dab88f5223d8e6228307e1135398ca8bfc8b7e9501e282b", size = 11336694, upload-time = "2026-09-16T15:54:15.489Z" },
    { url = "https://files.pythonhosted.org/packages/c2/3d/bbd2a9a600a4e73dc3e7548a249c8d1671273464b55822c6fae50f602dff/ruff-0.16.8-py3-none-manylinux_2_17_s390x.manylinux2014_s390x.whl", hash = "sha256:644bb578569e0ffc575741232bd385dacdd6fbe123f1a729e7a225f54aa3957f", size = 10774448, upload-time = "2026-09-16T15:54:18.16Z" },
    { url = "https://files.pythonhosted.org/packages/1a/41/d83af9879a7b6e8bf5fe16b1da0b134049d2f5d3afac12defb0897cb84bd/ruff-0.16.8-py3-none-manylinux_2_17_x86_64.manylinux2014_x86_64.whl", hash = "sha256:15e7d226246961db9235098333caa13063906d3851136b84c2900b82f5daa1df", size = 10323796, upload-time = "2026-09-16T15:54:20.743Z" },
    { url = "https://files.pythonhosted.org/packages/f5/2c/cefd07bfe914b84943ea769ade8d607bd22750b965d3228eefd7cebd15d0/ruff-0.16.8-py3-none-manylinux_2_31_riscv64.whl", hash = "sha256:a2bf6bc3e9ebdd4449abc6f06cf64b98051a2c61cf94d2fe9596518c881f1a1e", size = 10514115, upload-time = "2026-09-16T15:54:23.497Z" },
    { url = "https://files.pythonhosted.org/packages/f3/9d/76a2e26c79a23be6e6e3664c57bec9e9fc8de155cfb9e4b67ea91b64f9d7/ruff-0.16.8-py3-none-musllinux_1_2_aarch64.whl", hash = "sha256:6ca111ba0849539165e9e59d2b442542f3c1e8060ebbdea82494f1ffbccb1e1f", size = 10072582, upload-time = "2026-09-16T15:54:26.185Z" },
    { url = "https://files.pythonhosted.org/packages/2e/d4/f42edddb39668af1a559ceafa3823aedd65633a48dc9768e775485faa2c1/ruff-0.16.8-py3-none-musllinux_1_2_armv7l.whl", hash = "sha256:359a1e5b495448ee1e91018064382ebc86f90e8aac2fed222c7d0e4e8df85fd2", size = 9879644, upload-time = "2026-09-16T15:54:29.278Z" },
    { url = "https://files.pythonhosted.org/packages/f8/d4/913e3195d95e0378786c6656945c865f534a3560e29139da4882aff630d1/ruff-0.16.8-py3-none-musllinux_1_2_i686.whl", hash = "sha256:59e8f5681349474110b24d62e93cfda6593f5fa3473446ca3705200cac1a08b9", size = 10231569, upload-time = "2026-09-16T15:54:32.036Z" },
    { url = "https://files.pythonhosted.org/packages/2b/c4/8aa6ea0bdcedbd1bf87397e2fc4ed8406448ea5842f8660bc6e5f163039d/ruff-0.16.8-py3-none-musllinux_1_2_x86_64.whl", hash = "sha256:efa3e7a16d1baaa79957888dfdf8be9ef2e44db81cb032af06d76632ab59e773", size = 10663666, upload-time = "2026-09-16T15:54:34.838Z" },
    { url = "https://files.pythonhosted.org/packages/3d/02/7f10ef4700bc223c30a3fdd10631a29830c45524b810a3c7ed947af64591/ruff-0.16.8-py3-none-win32.whl", hash = "sha256:55793ba85c69921e89be061426d91a78652d6e50317c962240922747a4eb713f", size = 10093472, upload-time = "2026-09-16T15:54:37.47Z" },
    { url = "https://files.pythonhosted.org/packages/1e/5d/a509c07d714b6da88f2c518b4637cf6f1d46b074be8f0f1e5fb9ff5126fe/ruff-0.16.8-py3-none-win_amd64.whl", hash = "sha256:a6b85621fd3c81e31fc5f5add09c9c078b430db3595ca632efafdec9e64ebfaa", size = 10586899, upload-time = "2026-09-16T15:54:40.488Z" },
    { url = "https://files.pythonhosted.org/packages/fe/a0/50787329e4f20bf9dc9f6230015d46ec69c51a97ace5bc202dae4755365d/ruff-0.16.8-py3-none-win_arm64.whl", hash = "sha256:d075e820af612102ce217f07cc93e69f9490b10ec13ea85fa87bd03d996cef8a", size = 10386316, upload-time = "2026-09-16T15:54:43.332Z" },
]

[[package]]
name = "tomli"
version = "2.0.2"
source = { registry = "https://pypi.org/simple" }
sdist = { url = "https://files.pythonhosted.org/packages/35/b9/de2a5c0144d7d75a57ff355c0c24054f965b2dc3036456ae03a51ea6264b/tomli-2.0.2.tar.gz", hash = "sha256:d46d457a85337051c36524bc5349dd91b1877838e2979ac5ced3e710ed8a60ed", size = 16096, upload-time = "2024-10-02T10:46:13.208Z" }
wheels = [
    { url = "https://files.pythonhosted.org/packages/cf/db/ce8eda256fa131af12e0a76d481711abe4681b6923c27efb9a255c9e4594/tomli-2.0.2-py3-none-any.whl", hash = "sha256:2ebe24485c53d303f690b0ec092806a085f07af5a5aa1464f3931eec36caaa38", size = 13237, upload-time = "2024-10-02T10:46:11.806Z" },
]

[[package]]
name = "ty"
version = "0.0.82"
source = { registry = "https://pypi.org/simple" }
sdist = { url = "https://files.pythonhosted.org/packages/f6/df/b9f35d0b8860f1bbfcb852fbef363301b5ca4b5590cadc6f2a810646d579/ty-0.0.82.tar.gz", hash = "sha256:586e3bf784cece42113929bb64b4761bed5c2127ae6cea294bb82da670066356", size = 7325958, upload-time = "2026-09-17T19:42:12.243Z" }
wheels = [
    { url = "https://files.pythonhosted.org/packages/31/0e/259760638b7b1a875743f1f3975253392932ff74397c8e174df7bfb143c3/ty-0.0.82-py3-none-linux_armv6l.whl", hash = "sha256:be58e089e317e1ada7a655216828e76d369386dc958f7a3b3d455ab6dc7f02b6", size = 13833734, upload-time = "2026-09-17T19:41:35.134Z" },
    { url = "https://files.pythonhosted.org/packages/70/f6/c8a1f70989cf44cf2cada5527e268b4216015a7f28f1d8817e4ef1e84a52/ty-0.0.82-py3-none-macosx_10_12_x86_64.whl", hash = "sha256:c080ba9a816cfbb3e34c0d3a0071829c602d14bb992bc799d885d4b30008b4ab", size = 13449689, upload-time = "2026-09-17T19:41:37.65Z" },
    { url = "https://files.pythonhosted.org/packages/d5/eb/31fc4bdecb2ff0053443d4ec1e6719a3f3171636ad6da7a8a642c879a4f4/ty-0.0.82-py3-none-macosx_11_0_arm64.whl", hash = "sha256:4f08bd5b751c3b2c46eabe8aee890e7fa54e3bcd97ffa4b8338b0a2508d928c2", size = 13410140, upload-time = "2026-09-17T19:41:40.024Z" },
    { url = "https://files.pythonhosted.org/packages/e7/14/e2af8c64004cd891691915b1522f105a5d601dd8d76a635fec112911f251/ty-0.0.82-py3-none-manylinux_2_17_aarch64.manylinux2014_aarch64.whl", hash = "sha256:7f5ef0401743c2eeac8039ef9ff1bc5dd612bd17ed0259b9b0794e19696548a6", size = 13435552, upload-time = "2026-09-17T19:41:42.084Z" },
    { url = "https://files.pythonhosted.org/packages/52/92/b9519a7854189aa8da4309ecb9c6ff5ab8ac91a433e201322b15c98f9388/ty-0.0.82-py3-none-manylinux_2_17_armv7l.manylinux2014_armv7l.whl", hash = "sha256:c899643f2a4c1782c06a4bf4959909d1aa2d9d2cac7c1ac3de3161dfcb6909f8", size = 13601427, upload-time = "2026-09-17T19:41:44.242Z" },
    { url = "https://files.pythonhosted.org/packages/ce/be/0c7a39e277a25bca21bbd2dcf640eb4d80cf98f318ef611092cda1222399/ty-0.0.82-py3-none-manylinux_2_17_i686.manylinux2014_i686.whl", hash = "sha256:b7aa6e4e157c6e0b770c327a5d966371b2a7bc7ad4f22d662ac068623cba00eb", size = 14457370, upload-time = "2026-09-17T19:41:46.405Z" },
    { url = "https://files.pythonhosted.org/packages/6f/33/86ff8f1e15c71096838eb0fdfe0f5b578dc717575de6cba591d96baf3b06/ty-0.0.82-py3-none-manylinux_2_17_ppc64le.manylinux2014_ppc64le.whl", hash = "sha256:28c141ab481748f1b889eb572e803172ea452af621e514c30a2f30884753b020", size = 14888674, upload-time = "2026-09-17T19:41:48.6Z" },
    { url = "https://files.pythonhosted.org/packages/0a/d2/a1c6315907afd080b4e98d2972441b4803a70c9663a8c7a7f6fd554c7361/ty-0.0.82-py3-none-manylinux_2_17_s390x.manylinux2014_s390x.whl", hash = "sha256:16fff2729fbaa3998ba1cab536dc7d176aef28927b09200588e50982394c56df", size = 14670369, upload-time = "2026-09-17T19:41:50.963Z" },
    { url = "https://files.pythonhosted.org/packages/ae/cd/956ceae4dbe0b116ebc9ecb75dcbe9a0294c50146f76c4c59004e6eb2d77/ty-0.0.82-py3-none-manylinux_2_17_x86_64.manylinux2014_x86_64.whl", hash = "sha256:c2024a33209b37525ffa85a29036985e9ef53a013c0ff321231bd8b23987cf71", size = 14107030, upload-time = "2026-09-17T19:41:53.343Z" },
    { url = "https://files.pythonhosted.org/packages/b7/f8/6025627cec4d6370fb34a2c5cdcf36d89dd4e4ac75b023bda68231e17dfc/ty-0.0.82-py3-none-manylinux_2_31_riscv64.whl", hash = "sha256:14a0ae8591e08aca5911b545d100e51c9b796350a85b2b36d82219820552d662", size = 14485892, upload-time = "2026-09-17T19:41:55.745Z" },
    { url = "https://files.pythonhosted.org/packages/3a/b6/016f9b36096a9ccd0492ee000380bd75fb51dc4ec7bfef4d6d93f6b3ec2e/ty-0.0.82-py3-none-musllinux_1_2_aarch64.whl", hash = "sha256:2964202b09108c72232760119c2680cefc33191c428b09e6f620b6c0ab9c6b0f", size = 13383907, upload-time = "2026-09-17T19:41:57.937Z" },
    { url = "https://files.pythonhosted.org/packages/b4/19/1ccc2429399d6ef3d98180340c7abc6793bd90c5039ad41a9003cb8de6df/ty-0.0.82-py3-none-musllinux_1_2_armv7l.whl", hash = "sha256:f4ed8fc714e35dc11ef4209832e73ad461cf29c9161099eb6c2c541c6b9a3e0e", size = 13617005, upload-time = "2026-09-17T19:42:00.018Z" },
    { url = "https://files.pythonhosted.org/packages/d7/9d/a4a487db72e78413bba2ee9cd49f79b8f461be93e7f6c4dd790febae1cd7/ty-0.0.82-py3-none-musllinux_1_2_i686.whl", hash = "sha256:32a3fe7b1a50f20679fe76c85c0087280419365d900300898a7b95cbcfe510fc", size = 13906545, upload-time = "2026-09-17T19:42:01.942Z" },
    { url = "https://files.pythonhosted.org/packages/0c/4e/a58d530c0f5abe7b846e2d05af9e3f1fb44a1b620ae0abe3892cd3f9596c/ty-0.0.82-py3-none-musllinux_1_2_x86_64.whl", hash = "sha256:f751044ae63ea9e73ce2eae4c23a839efa4a04d6487d6ea411a590fbe43360b6", size = 14248518, upload-time = "2026-09-17T19:42:04.164Z" },
    { url = "https://files.pythonhosted.org/packages/a6/db/5505229835171d19adcaaeec3a15e0b533b578d24de1329db5da9306c4c6/ty-0.0.82-py3-none-win32.whl", hash = "sha256:0eb66c5ce58434a48d2cae2780d25285c7ca19e07a0d38b1fe39d1a0f75d6fa3", size = 13059890, upload-time = "2026-09-17T19:42:06.161Z" },
    { url = "https://files.pythonhosted.org/packages/13/22/faa427b65baf39915f52a6fa079ece4253e831f3364c567bf91bc1eef65a/ty-0.0.82-py3-none-win_amd64.whl", hash = "sha256:1e4a6c1ca2dc1a6929517d73a47cd626989bb8bd67811425fbe022d06eb2bf73", size = 14003730, upload-time = "2026-09-17T19:42:08.268Z" },
    { url = "https://files.pythonhosted.org/packages/8b/fc/3b95100993d28acb2f3bcf3a49846985f5b2aafab6562627d018f6d23788/ty-0.0.82-py3-none-win_arm64.whl", hash = "sha256:a6f0e8a1f961518746edbccc5986945c01a56a917ebe37117aa028a038d54ae3", size = 13567713, upload-time = "2026-09-17T19:42:10.248Z" },
]

[[package]]
name = "typing-extensions"
version = "4.12.2"
source = { registry = "https://pypi.org/simple" }
sdist = { url = "https://files.pythonhosted.org/packages/df/db/f35a00659bc03fec321ba8bce9420de607a1d37f8342eee1863174c69557/typing_extensions-4.12.2.tar.gz", hash = "sha256:1a7ead55c7e559dd4dee8856e3a88b41225abfe1ce8df57b7c13915fe121ffb8", size = 85321, upload-time = "2024-06-07T18:52:15.995Z" }
wheels = [
    { url = "https://files.pythonhosted.org/packages/26/9f/ad63fc0248c5379346306f8668cda6e2e2e9c95e01216d2b8ffd9ff037d0/typing_extensions-4.12.2-py3-none-any.whl", hash = "sha256:04e5ca0351e0f3f85c6853954072df659d0d13fac324d0072316b67d7794700d", size = 37438, upload-time = "2024-06-07T18:52:13.582Z" },
]
