version = 1
revision = 3
requires-python = ">=3.10"

[[package]]
name = "colorama"
version = "0.4.6"
source = { registry = "https://pypi.org/simple" }
sdist = { url = "https://files.pythonhosted.org/packages/d8/53/6f443c9a4a8358a93a6792e2acffb9d9d5cb0a5cfd8802644b7b1c9a02e4/colorama-0.4.6.tar.gz", hash = "sha256:08695f5cb7ed6e0531a20572697297273c47b8cae5a63ffc6d6ed5c201be6e44", size = 27697, upload-time = "2022-10-25T02:36:22.414Z" }
wheels = [
    { url = "https://files.pythonhosted.org/packages/d1/d6/3965ed04c63042e047cb6a3e6ed1a63a35087b6a609aa3a15ed8ac56c221/colorama-0.4.6-py2.py3-none-any.whl", hash = "sha256:4f1d9991f5acc0ca119f9d443620b77f9d6b33703e51011c16baf57afb285fc6", size = 25335, upload-time = "2022-10-25T02:36:20.889Z" },
]

[[package]]
name = "exceptiongroup"
version = "1.2.2"
source = { registry = "https://pypi.org/simple" }
sdist = { url = "https://files.pythonhosted.org/packages/09/35/2495c4ac46b980e4ca1f6ad6db102322ef3ad2410b79fdde159a4b0f3b92/exceptiongroup-1.2.2.tar.gz", hash = "sha256:47c2edf7c6738fafb49fd34290706d1a1a2f4d1c6df275526b62cbb4aa5393cc", size = 28883, upload-time = "2024-07-12T22:26:00.161Z" }
wheels = [
    { url = "https://files.pythonhosted.org/packages/02/cc/b7e31358aac6ed1ef2bb790a9746ac2c69bcb3c8588b41616914eb106eaf/exceptiongroup-1.2.2-py3-none-any.whl", hash = "sha256:3111b9d131c238bec2f8f516e123e14ba243563fb135d3fe885990585aa7795b", size = 16453, upload-time = "2024-07-12T22:25:58.476Z" },
]

[[package]]
name = "expr-simplifier"
version = "0.1.1"
source = { editable = "." }
dependencies = [
    { name = "typing-extensions" },
]

[package.dev-dependencies]
dev = [
    { name = "pytest" },
    { name = "pytest-rerunfailures" },
    { name = "ruff" },
    { name = "ty" },
]

[package.metadata]
requires-dist = [{ name = "typing-extensions", specifier = ">=4.12.2" }]

[package.metadata.requires-dev]
dev = [
    { name = "pytest", specifier = ">=9.1.1" },
    { name = "pytest-rerunfailures", specifier = ">=16.6.1" },
    { name = "ruff", specifier = ">=0.16.6" },
    { name = "ty", specifier = ">=0.0.78" },
]

[[package]]
name = "iniconfig"
version = "2.0.0"
source = { registry = "https://pypi.org/simple" }
sdist = { url = "https://files.pythonhosted.org/packages/d7/4b/cbd8e699e64a6f16ca3a8220661b5f83792b3017d0f79807cb8708d33913/iniconfig-2.0.0.tar.gz", hash = "sha256:2d91e135bf72d31a410b17c16da610a82cb55f6b0477d1a902134b24a455b8b3", size = 4646, upload-time = "2023-01-07T11:08:11.254Z" }
wheels = [
    { url = "https://files.pythonhosted.org/packages/ef/a6/62565a6e1cf69e10f5727360368e451d4b7f58beeac6173dc9db836a5b46/iniconfig-2.0.0-py3-none-any.whl", hash = "sha256:b6a85871a79d2e3b22d2d1b94ac2824226a63c6b741c88f7ae975f18b6778374", size = 5892, upload-time = "2023-01-07T11:08:09.864Z" },
]

[[package]]
name = "packaging"
version = "24.1"
source = { registry = "https://pypi.org/simple" }
sdist = { url = "https://files.pythonhosted.org/packages/51/65/50db4dda066951078f0a96cf12f4b9ada6e4b811516bf0262c0f4f7064d4/packaging-24.1.tar.gz", hash = "sha256:026ed72c8ed3fcce5bf8950572258698927fd1dbda10a5e981cdf0ac37f4f002", size = 148788, upload-time = "2024-06-09T23:19:24.956Z" }
wheels = [
    { url = "https://files.pythonhosted.org/packages/08/aa/cc0199a5f0ad350994d660967a8efb233fe0416e4639146c089643407ce6/packaging-24.1-py3-none-any.whl", hash = "sha256:5b8f2217dbdbd2f7f384c41c628544e6d52f2d0f53c6d0c3ea61aa5d1d7ff124", size = 53985, upload-time = "2024-06-09T23:19:21.909Z" },
]

[[package]]
name = "pluggy"
version = "1.5.0"
source = { registry = "https://pypi.org/simple" }
sdist = { url = "https://files.pythonhosted.org/packages/96/2d/02d4312c973c6050a18b314a5ad0b3210edb65a906f868e31c111dede4a6/pluggy-1.5.0.tar.gz", hash = "sha256:2cffa88e94fdc978c4c574f15f9e59b7f4201d439195c3715ca9e2486f1d0cf1", size = 67955, upload-time = "2024-04-20T21:34:42.531Z" }
wheels = [
    { url = "https://files.pythonhosted.org/packages/88/5f/e351af9a41f866ac3f1fac4ca0613908d9a41741cfcf2228f4ad853b697d/pluggy-1.5.0-py3-none-any.whl", hash = "sha256:44e1ad92c8ca002de6377e165f3e0f1be63266ab4d554740532335b9d75ea669", size = 20556, upload-time = "2024-04-20T21:34:40.434Z" },
]

[[package]]
name = "pygments"
version = "2.19.2"
source = { registry = "https://pypi.org/simple" }
sdist = { url = "https://files.pythonhosted.org/packages/b0/77/a5b8c569bf593b0140bde72ea885a803b82086995367bf2037de0159d924/pygments-2.19.2.tar.gz", hash = "sha256:636cb2477cec7f8952536970bc533bc43743542f70392ae026374600add5b887", size = 4968631, upload-time = "2025-06-21T13:39:12.283Z" }
wheels = [
    { url = "https://files.pythonhosted.org/packages/c7/21/705964c7812476f378728bdf590ca4b771ec72385c533964653c68e86bdc/pygments-2.19.2-py3-none-any.whl", hash = "sha256:86540386c03d588bb81d44bc3928634ff26449851e99741617ecb9037ee5ec0b", size = 1225217, upload-time = "2025-06-21T13:39:07.939Z" },
]

[[package]]
name = "pytest"
version = "9.1.1"
source = { registry = "https://pypi.org/simple" }
dependencies = [
    { name = "colorama", marker = "sys_platform == 'win32'" },
    { name = "exceptiongroup", marker = "python_full_version < '3.11'" },
    { name = "iniconfig" },
    { name = "packaging" },
    { name = "pluggy" },
    { name = "pygments" },
    { name = "tomli", marker = "python_full_version < '3.11'" },
]
sdist = { url = "https://files.pythonhosted.org/packages/e4/47/b9efed96c114afcfa3c9d3fe98a76a1d14c74a9e266d397cf6eb64be5e01/pytest-9.1.1.tar.gz", hash = "sha256:1088fbde8f2b49d95a549a195707afa7a76a3ce9bcadc26b6d71f0ffda5fe313", size = 1636369, upload-time = "2026-06-19T10:58:32.857Z" }
wheels = [
    { url = "https://files.pythonhosted.org/packages/24/25/1de2678b631f5a49215c6c96fff41ba892b0a34df68d6d80292b1b48aa7f/pytest-9.1.1-py3-none-any.whl", hash = "sha256:37a86b45efb9a47a61a36449063e8e18d0cab3161329fc099eb21783169c4f0c", size = 386536, upload-time = "2026-06-19T10:58:31.347Z" },
]

[[package]]
name = "pytest-rerunfailures"
version = "16.6.1"
source = { registry = "https://pypi.org/simple" }
dependencies = [
    { name = "packaging" },
    { name = "pytest" },
]
sdist = { url = "https://files.pythonhosted.org/packages/20/ce/065fde089d5a7f46fe8372c3f340c7aaa8708734d2e8ae3032f0c29a4b1d/pytest_rerunfailures-16.6.1.tar.gz", hash = "sha256:20ac38d31f9319c4e8f43fe0d0e9c22755508e8e7987a88de6d7fd93fc6bdabb", size = 47719, upload-time = "2026-09-03T06:50:07.893Z" }
wheels = [
    { url = "https://files.pythonhosted.org/packages/0b/0d/4da1860f933e271569405fd8adef7f3e7f1c2bd1b544d2ee83a8e0acf1d2/pytest_rerunfailures-16.6.1-py3-none-any.whl", hash = "sha256:0c38d314a0a7e32795f2dbdeeb2b3d141ecf3d3abe10c8c32dae223d45ac7b3d", size = 21035, upload-time = "2026-09-03T06:50:06.601Z" },
]

[[package]]
name = "ruff"
version = "0.16.6"
source = { registry = "https://pypi.org/simple" }
sdist = { url = "https://files.pythonhosted.org/packages/a4/7c/6adb35d70e7c027e308274557901c7e00fb3407750faf3620c184ae058cb/ruff-0.16.6.tar.gz", hash = "sha256:dcf8a73d2ff77e99dde91244b4da16feba7f14e6beeb4015dee7c5a909e99050", size = 4921251, upload-time = "2026-09-03T16:57:29.037Z" }
wheels = [
    { url = "https://files.pythonhosted.org/packages/a4/28/9cc1b79639e284ec103f43c88c644db4eb58cbd0ea1ca11f1193435369ac/ruff-0.16.6-py3-none-linux_armv6l.whl", hash = "sha256:61c368c26bf8e973e5ab14a2772de587bc068ea3f9a277f673380749b4898fb8", size = 10015638, upload-time = "2026-09-03T16:56:40.986Z" },
    { url = "https://files.pythonhosted.org/packages/71/11/627d342ef727ea7794edf74fe23d60a074b02c3acc2e9436684e782286ca/ruff-0.16.6-py3-none-macosx_10_12_x86_64.whl", hash = "sha256:ecf4f068e2e123e43a26e9db4e19524cc56563912404e83bbfca375757e45a32", size = 10220762, upload-time = "2026-09-03T16:56:44.681Z" },
    { url = "https://files.pythonhosted.org/packages/43/d9/b75668ce41e4c8d073d18d6d08672ba6906ce45d5c06ea4fdb2e84ce3853/ruff-0.16.6-py3-none-macosx_11_0_arm64.whl", hash = "sha256:99b62ea33baf130f50368798d841f0d95527b6d817bf31817b65dd058f1d314c", size = 9835082, upload-time = "2026-09-03T16:56:47.142Z" },
    { url = "https://files.pythonhosted.org/packages/99/97/123ab10b05cde889c107c20f5a9774955104b5552796a2a8584b089ae8eb/ruff-0.16.6-py3-none-manylinux_2_17_aarch64.manylinux2014_aarch64.whl", hash = "sha256:7fbf89013f2bb3f6835a6038ff658dc8a1b38c98dc8e724b964168ad4e881876", size = 9949304, upload-time = "2026-09-03T16:56:49.813Z" },
    { url = "https://files.pythonhosted.org/packages/3e/58/a4a2c59dd2e5b85929c912d9cac3056eb9ee8c7e75e9b9fe3e109174966b/ruff-0.16.6-py3-none-manylinux_2_17_armv7l.manylinux2014_armv7l.whl", hash = "sha256:56a67065e22efa6bc4d498299d3bb06c0c90aace8fac2068b5a12f9dc4d8d51d", size = 9840612, upload-time = "2026-09-03T16:56:52.368Z" },
    { url = "https://files.pythonhosted.org/packages/61/6a/ff8c8626a786c4f49d48ced4a752dadbca65f5263005f9c2416578194694/ruff-0.16.6-py3-none-manylinux_2_17_i686.manylinux2014_i686.whl", hash = "sha256:e25cc89174874b176a157e4428d66761c2c0c006654419bf384f967f361ff1b1", size = 10543465, upload-time = "2026-09-03T16:56:55.089Z" },
    { url = "https://files.pythonhosted.org/packages/ad/bb/c47535923365f337b82e28192e4e9eef2176511007cfd99a62fc22df5dad/ruff-0.16.6-py3-none-manylinux_2_17_ppc64le.manylinux2014_ppc64le.whl", hash = "sha256:0700580ed5303723cb3c11c2f1d2a8913ce77b7ea86646dddb887f5417a9ba70", size = 11267576, upload-time = "2026-09-03T16:56:57.791Z" },
    { url = "https://files.pythonhosted.org/packages/ba/50/e5119a5212b5cd63b51e1f4b25e7bd636a6668fc069a3160b108ad7e3c16/ruff-0.16.6-py3-none-manylinux_2_17_s390x.manylinux2014_s390x.whl", hash = "sha256:15f1d0b6e165a6e56567befb6629f8209271311d990bae0f37e6d065035ef5f3", size = 10781993, upload-time = "2026-09-03T16:57:00.666Z" },
    { url = "https://files.pythonhosted.org/packages/8b/98/083d8b4ef3c51a0d19db84367791cbe9f44e4b53343d19dfa83556e1cd9a/ruff-0.16.6-py3-none-manylinux_2_17_x86_64.manylinux2014_x86_64.whl", hash = "sha256:d72c591a96986ee4268860e2b7235082129ca5e4cb9cbba653a4b57c11893757", size = 10317748, upload-time = "2026-09-03T16:57:03.428Z" },
    { url = "https://files.pythonhosted.org/packages/9a/29/68f7ff2c5ad95f19f00627ac2de95644e25fe47371ea60b2db1fd952315e/ruff-0.16.6-py3-none-manylinux_2_31_riscv64.whl", hash = "sha256:65a006baa18f33324325814c864daef03541d51564b98c517610ea756ab7003e", size = 10540096, upload-time = "2026-09-03T16:57:06.182Z" },
    { url = "https://files.pythonhosted.org/packages/c4/f9/79a8f6de85968641d68a7863aeec577551924ef066a990a48ff93167beab/ruff-0.16.6-py3-none-musllinux_1_2_aarch64.whl", hash = "sha256:cd02a7bf1a21a8735228a3e8c95a9dc5cf86bd2a52194f4aaae2a5755b4de0f4", size = 10100494, upload-time = "2026-09-03T16:57:09.194Z" },
    { url = "https://files.pythonhosted.org/packages/d9/e8/b81a22d9b90c00b892ccf2fa2ac36fa95de4c13ab85aea3e73795cfe4651/ruff-0.16.6-py3-none-musllinux_1_2_armv7l.whl", hash = "sha256:31b36f1e5ad85e0737f09d2be4e512e2e283583c14015da3b9dc07359ac0fc88", size = 9843663, upload-time = "2026-09-03T16:57:12.168Z" },
    { url = "https://files.pythonhosted.org/packages/39/aa/54f516ec5e5a11c4afdceb1c454ebb054ffb96e4f4a1705580b4346abd35/ruff-0.16.6-py3-none-musllinux_1_2_i686.whl", hash = "sha256:61029b4ab4aa723fd3064fab96b1d814492596bf0c792679fffcbde1e1679953", size = 10282461, upload-time = "2026-09-03T16:57:15.077Z" },
    { url = "https://files.pythonhosted.org/packages/52/0b/38d0aa8aa32372b96dc44f97b22e576c4147808271aab7b2cb1e353d4445/ruff-0.16.6-py3-none-musllinux_1_2_x86_64.whl", hash = "sha256:9ac8998457832c2061709d900856b7ad271dace0cb41f346588d540162bfa718", size = 10728808, upload-time = "2026-09-03T16:57:17.797Z" },
    { url = "https://files.pythonhosted.org/packages/5e/e5/9e274e24eeb027640ffc7442f21239f16d17f47acec15ae34f32e03a5c79/ruff-0.16.6-py3-none-win32.whl", hash = "sha256:0b87d9d16fcb63e8018423ca1d50b7260f15cb2da33e30db4baad4183a948c25", size = 10049212, upload-time = "2026-09-03T16:57:20.55Z" },
    { url = "https://files.pythonhosted.org/packages/22/31/72472449414223ed1a2da236b992adbb1a2ae59e34794574810f60ce068e/ruff-0.16.6-py3-none-win_amd64.whl", hash = "sha256:10d21c51c3495d8eaea7b703a16592117ea6eb1d649e36335aa965ff1173eb39", size = 10556402, upload-time = "2026-09-03T16:57:23.501Z" },
    { url = "https://files.pythonhosted.org/packages/fc/07/d781f8f8e1ac24bef9f3269cf62ffb1407ca24c3a8f12e5e22874f90528c/ruff-0.16.6-py3-none-win_arm64.whl", hash = "sha256:7a976c79b958f94e50a022a19f0f8c87387448020935ec14fc74331bd0a7f2c5", size = 10412850, upload-time = "2026-09-03T16:57:26.416Z" },
]

[[package]]
name = "tomli"
version = "2.0.2"
source = { registry = "https://pypi.org/simple" }
sdist = { url = "https://files.pythonhosted.org/packages/35/b9/de2a5c0144d7d75a57ff355c0c24054f965b2dc3036456ae03a51ea6264b/tomli-2.0.2.tar.gz", hash = "sha256:d46d457a85337051c36524bc5349dd91b1877838e2979ac5ced3e710ed8a60ed", size = 16096, upload-time = "2024-10-02T10:46:13.208Z" }
wheels = [
    { url = "https://files.pythonhosted.org/packages/cf/db/ce8eda256fa131af12e0a76d481711abe4681b6923c27efb9a255c9e4594/tomli-2.0.2-py3-none-any.whl", hash = "sha256:2ebe24485c53d303f690b0ec092806a085f07af5a5aa1464f3931eec36caaa38", size = 13237, upload-time = "2024-10-02T10:46:11.806Z" },
]

[[package]]
name = "ty"
version = "0.0.78"
source = { registry = "https://pypi.org/simple" }
sdist = { url = "https://files.pythonhosted.org/packages/d8/c7/2ba0861384c5b5097ac354383abb98188112cb330208c21d5197e98a29e5/ty-0.0.78.tar.gz", hash = "sha256:770b45854f85fa11595208f08c0f28df80943164d10a2832d86be6ac29f135b2", size = 7050609, upload-time = "2026-09-02T22:41:33.92Z" }
wheels = [
    { url = "https://files.pythonhosted.org/packages/ea/ed/f34cfc06a9ba72979df219e48dae1a0b6a6c74a340763ccd30a547edf913/ty-0.0.78-py3-none-linux_armv6l.whl", hash = "sha256:122700b98f9d45785c1ce91a9418154562e7f64f4bf34679f6f7b38c5b97453f", size = 13304624, upload-time = "2026-09-02T22:40:56.649Z" },
    { url = "https://files.pythonhosted.org/packages/1c/28/5576e2a08b57676d9b2a736d528f077a6c6e32c3d1de2d75dbbe28346966/ty-0.0.78-py3-none-macosx_10_12_x86_64.whl", hash = "sha256:cbe7e3709ccf29ef3d9f58f5914cc30ec36fb647008a5a4ff8483abe401bfe8d", size = 12928383, upload-time = "2026-09-02T22:40:59.162Z" },
    { url = "https://files.pythonhosted.org/packages/8e/e0/027d49c3da5235e634da3d3fc52c4874ec89f50830388c9c259f8fb71e0e/ty-0.0.78-py3-none-macosx_11_0_arm64.whl", hash = "sha256:c3528897b3ab9d3589561bc2b5e61a4d5d686de527a4400bb09a439b922a6c70", size = 12730058, upload-time = "2026-09-02T22:41:01.235Z" },
    { url = "https://files.pythonhosted.org/packages/bb/bc/6bf8ffefd8063730a70ae889cf85def72bc155fd1453135ebf8a09c2f1c2/ty-0.0.78-py3-none-manylinux_2_17_aarch64.manylinux2014_aarch64.whl", hash = "sha256:8bfba4c44a06484093f527b8ef43a317abcf91395b49396170266629eedf74aa", size = 12813321, upload-time = "2026-09-02T22:41:03.251Z" },
    { url = "https://files.pythonhosted.org/packages/6d/c0/b3cdf26f82108908d92fdb7ddb741019c446ceb666cf204d4dbf611bde33/ty-0.0.78-py3-none-manylinux_2_17_armv7l.manylinux2014_armv7l.whl", hash = "sha256:5f903c06fdee17baf8373173039ab28f1bce28e66b1c734929a5f50b37eb54d9", size = 13072219, upload-time = "2026-09-02T22:41:05.225Z" },
    { url = "https://files.pythonhosted.org/packages/4d/36/16bfb0abdd178dae11dbc4b57b9a86c2b62642a18c1103fd2c2930aa5879/ty-0.0.78-py3-none-manylinux_2_17_i686.manylinux2014_i686.whl", hash = "sha256:dd83e5fe3f07291d1bd4e591f8d2607c204f3eab53bcb1b8060c40e876e1aa61", size = 13903958, upload-time = "2026-09-02T22:41:07.333Z" },
    { url = "https://files.pythonhosted.org/packages/0f/0c/74d3b1f0344b13156c719dd68a7edf7e48c2051718c9f326ba3cbf45ea53/ty-0.0.78-py3-none-manylinux_2_17_ppc64le.manylinux2014_ppc64le.whl", hash = "sha256:325285377319cf7168a2b8b771ae5027f411530e3c7eab1faf4583cdd72fd7c9", size = 14355581, upload-time = "2026-09-02T22:41:09.56Z" },
    { url = "https://files.pythonhosted.org/packages/8d/d7/7ca0359e1e61b15b8b02328c8d120db3c507876b9b7c6bd9f26935353e0e/ty-0.0.78-py3-none-manylinux_2_17_s390x.manylinux2014_s390x.whl", hash = "sha256:54b7846a404da6492697b524a769755ee9bee157d67674063ecd9c5f69dc52ff", size = 14044749, upload-time = "2026-09-02T22:41:11.678Z" },
    { url = "https://files.pythonhosted.org/packages/3b/6a/731f16ff42c5fc96e742c2f4e0a6915356bae114ae02ae4af6f33502175f/ty-0.0.78-py3-none-manylinux_2_17_x86_64.manylinux2014_x86_64.whl", hash = "sha256:169d3b9d134c0b48fe1af8a844142d374655552054a9d6c15a4b6e51bb0382ea", size = 13391647, upload-time = "2026-09-02T22:41:13.928Z" },
    { url = "https://files.pythonhosted.org/packages/0c/af/250cc29daf310e837188509ea4d78460c495d8a74c4fb84b4152d9ef2d4f/ty-0.0.78-py3-none-manylinux_2_31_riscv64.whl", hash = "sha256:6108cb3b2d28dac5981d4e25008a0a5547d8c877a67f6da9e8c38e7e946be44f", size = 13945020, upload-time = "2026-09-02T22:41:15.968Z" },
    { url = "https://files.pythonhosted.org/packages/b8/f9/96aab1dee4535e66554e8dc7657c69f6c61c181d8e70b9c3527908e93ef4/ty-0.0.78-py3-none-musllinux_1_2_aarch64.whl", hash = "sha256:589ad03608d9d2975ef4b23c41c4f847e325bcc7686f51d4c66066b8dbc18a2a", size = 12851149, upload-time = "2026-09-02T22:41:18.06Z" },
    { url = "https://files.pythonhosted.org/packages/85/b0/53d8fe9a847534ef5fe2165c7d5292cb853b29dfd7011cbfb1cdb90a8012/ty-0.0.78-py3-none-musllinux_1_2_armv7l.whl", hash = "sha256:b3fa0786edc1af06030f872d83499c0cea7c261dbbb651e0aee8306bf2c8a869", size = 13091464, upload-time = "2026-09-02T22:41:20.227Z" },
    { url = "https://files.pythonhosted.org/packages/21/65/94a4e5a02de559f6c6c0ee7a14b88660b4eee058ec6fec5c0ff6ecfbf5cc/ty-0.0.78-py3-none-musllinux_1_2_i686.whl", hash = "sha256:92c5639befc577578c8abd4e5a7fccf98d828db98b09e8d4dd81605dc0e54aef", size = 13389389, upload-time = "2026-09-02T22:41:22.27Z" },
    { url = "https://files.pythonhosted.org/packages/2e/b6/d0c7fe6be64ca5a15100c4b1f0e39c19660d53bc544f609fa117b346e661/ty-0.0.78-py3-none-musllinux_1_2_x86_64.whl", hash = "sha256:0dce70bc51652b2775debd1d1e422fb0179f5207c73deb4d5d0aca37e5f61695", size = 13691928, upload-time = "2026-09-02T22:41:24.292Z" },
    { url = "https://files.pythonhosted.org/packages/0a/5d/36081205611ba3fa802efc4ad63e4b1e949bda2f7bb37b34ac9bb6c00db0/ty-0.0.78-py3-none-win32.whl", hash = "sha256:1c80976ca9185d7a9d1baab1fb57240331b8dac58d3b11e46200284086a6de8d", size = 12647346, upload-time = "2026-09-02T22:41:26.699Z" },
    { url = "https://files.pythonhosted.org/packages/f1/89/b925fe1ea1bc56fc7f11d2496e29072fdd2ceb7b389884fc7b2d07cf0c41/ty-0.0.78-py3-none-win_amd64.whl", hash = "sha256:32e82b704471eab34f67b51c151660ca8a00815977b28278905d76fba54f7415", size = 13241810, upload-time = "2026-09-02T22:41:28.857Z" },
    { url = "https://files.pythonhosted.org/packages/91/f1/090ef7b52355bcedfbfbff6ce70fa81ba5bd5f6ed3f8d99ae05e6f2fe75b/ty-0.0.78-py3-none-win_arm64.whl", hash = "sha256:3a14d641a3c04fa9a80f2a46be1531d915f60d4fb79d4b894627bbe46bb35d64", size = 13077433, upload-time = "2026-09-02T22:41:31.525Z" },
]

[[package]]
name = "typing-extensions"
version = "4.12.2"
source = { registry = "https://pypi.org/simple" }
sdist = { url = "https://files.pythonhosted.org/packages/df/db/f35a00659bc03fec321ba8bce9420de607a1d37f8342eee1863174c69557/typing_extensions-4.12.2.tar.gz", hash = "sha256:1a7ead55c7e559dd4dee8856e3a88b41225abfe1ce8df57b7c13915fe121ffb8", size = 85321, upload-time = "2024-06-07T18:52:15.995Z" }
wheels = [
    { url = "https://files.pythonhosted.org/packages/26/9f/ad63fc0248c5379346306f8668cda6e2e2e9c95e01216d2b8ffd9ff037d0/typing_extensions-4.12.2-py3-none-any.whl", hash = "sha256:04e5ca0351e0f3f85c6853954072df659d0d13fac324d0072316b67d7794700d", size = 37438, upload-time = "2024-06-07T18:52:13.582Z" },
]
